
Microsoft Visual Studio Solution File, Format Version 12.00
# Visual Studio 15
VisualStudioVersion = 15.0.27703.2026
MinimumVisualStudioVersion = 10.0.40219.1
Project("{FAE04EC0-301F-11D3-BF4B-00C04F79EFBC}") = "VMSpc", "VMSpc\VMSpc.csproj", "{CF06B3E2-32B9-466F-9E67-7BA0084ED432}"
EndProject
Global
	GlobalSection(SolutionConfigurationPlatforms) = preSolution
		Debug|Any CPU = Debug|Any CPU
		Release|Any CPU = Release|Any CPU
	EndGlobalSection
	GlobalSection(ProjectConfigurationPlatforms) = postSolution
		{CF06B3E2-32B9-466F-9E67-7BA0084ED432}.Debug|Any CPU.ActiveCfg = Debug|Any CPU
		{CF06B3E2-32B9-466F-9E67-7BA0084ED432}.Debug|Any CPU.Build.0 = Debug|Any CPU
		{CF06B3E2-32B9-466F-9E67-7BA0084ED432}.Release|Any CPU.ActiveCfg = Release|Any CPU
		{CF06B3E2-32B9-466F-9E67-7BA0084ED432}.Release|Any CPU.Build.0 = Release|Any CPU
	EndGlobalSection
	GlobalSection(SolutionProperties) = preSolution
		HideSolutionNode = FALSE
	EndGlobalSection
	GlobalSection(ExtensibilityGlobals) = postSolution
		SolutionGuid = {5B6FC945-F180-4290-9F57-9EDAE870F9C7}
	EndGlobalSection
EndGlobal
